
Microsoft Visual Studio Solution File, Format Version 12.00
# Visual Studio Version 16
VisualStudioVersion = 16.0.33214.272
MinimumVisualStudioVersion = 10.0.40219.1
Project("{8BC9CEB8-8B4A-11D0-8D11-00A0C91BC942}") = "Pong", "Pong.vcxproj", "{0EDEF69F-6500-4983-AA9E-D52E523FA424}"
EndProject
Global
	GlobalSection(SolutionConfigurationPlatforms) = preSolution
		Debug|x64 = Debug|x64
		Debug|x86 = Debug|x86
		Release|x64 = Release|x64
		Release|x86 = Release|x86
	EndGlobalSection
	GlobalSection(ProjectConfigurationPlatforms) = postSolution
		{0EDEF69F-6500-4983-AA9E-D52E523FA424}.Debug|x64.ActiveCfg = Debug|x64
		{0EDEF69F-6500-4983-AA9E-D52E523FA424}.Debug|x64.Build.0 = Debug|x64
		{0EDEF69F-6500-4983-AA9E-D52E523FA424}.Debug|x86.ActiveCfg = Debug|Win32
		{0EDEF69F-6500-4983-AA9E-D52E523FA424}.Debug|x86.Build.0 = Debug|Win32
		{0EDEF69F-6500-4983-AA9E-D52E523FA424}.Release|x64.ActiveCfg = Release|x64
		{0EDEF69F-6500-4983-AA9E-D52E523FA424}.Release|x64.Build.0 = Release|x64
		{0EDEF69F-6500-4983-AA9E-D52E523FA424}.Release|x86.ActiveCfg = Release|Win32
		{0EDEF69F-6500-4983-AA9E-D52E523FA424}.Release|x86.Build.0 = Release|Win32
	EndGlobalSection
	GlobalSection(SolutionProperties) = preSolution
		HideSolutionNode = FALSE
	EndGlobalSection
	GlobalSection(ExtensibilityGlobals) = postSolution
		SolutionGuid = {193D005A-1CA0-4E39-85E1-AB019DB98DC6}
	EndGlobalSection
EndGlobal
